
Microsoft Visual Studio Solution File, Format Version 12.00
# Visual Studio Version 16
VisualStudioVersion = 16.0.31515.178
MinimumVisualStudioVersion = 10.0.40219.1
Project("{888888A0-9F3D-457C-B088-3A5042F75D52}") = "HotelReservation", "HotelReservation.pyproj", "{B32C759F-6ABC-452C-AA64-1268E6EC706C}"
EndProject
Global
	GlobalSection(SolutionConfigurationPlatforms) = preSolution
		Debug|Any CPU = Debug|Any CPU
		Release|Any CPU = Release|Any CPU
	EndGlobalSection
	GlobalSection(ProjectConfigurationPlatforms) = postSolution
		{B32C759F-6ABC-452C-AA64-1268E6EC706C}.Debug|Any CPU.ActiveCfg = Debug|Any CPU
		{B32C759F-6ABC-452C-AA64-1268E6EC706C}.Release|Any CPU.ActiveCfg = Release|Any CPU
	EndGlobalSection
	GlobalSection(SolutionProperties) = preSolution
		HideSolutionNode = FALSE
	EndGlobalSection
	GlobalSection(ExtensibilityGlobals) = postSolution
		SolutionGuid = {528BD183-1CC0-4C22-A0C7-7F6FC3ABAAF4}
	EndGlobalSection
EndGlobal
